# This file is automatically @generated by Cargo.
# It is not intended for manual editing.
version = 4

[[package]]
name = "pirc-client"
version = "0.1.0"
dependencies = [
 "pirc-common",
 "pirc-crypto",
 "pirc-plugin",
 "pirc-protocol",
 "pirc-scripting",
]

[[package]]
name = "pirc-common"
version = "0.1.0"

[[package]]
name = "pirc-crypto"
version = "0.1.0"
dependencies = [
 "pirc-common",
]

[[package]]
name = "pirc-plugin"
version = "0.1.0"
dependencies = [
 "pirc-common",
]

[[package]]
name = "pirc-protocol"
version = "0.1.0"
dependencies = [
 "pirc-common",
]

[[package]]
name = "pirc-scripting"
version = "0.1.0"
dependencies = [
 "pirc-common",
]

[[package]]
name = "pirc-server"
version = "0.1.0"
dependencies = [
 "pirc-common",
 "pirc-crypto",
 "pirc-protocol",
]
